
Microsoft Visual Studio Solution File, Format Version 12.00
# Visual Studio Version 16
VisualStudioVersion = 16.0.30621.155
MinimumVisualStudioVersion = 10.0.40219.1
Project("{FAE04EC0-301F-11D3-BF4B-00C04F79EFBC}") = "MGAServer", "MGAServer\MGAServer.csproj", "{9240CA7A-DDEF-455E-AB35-128277C70D10}"
EndProject
Global
	GlobalSection(SolutionConfigurationPlatforms) = preSolution
		Debug|Any CPU = Debug|Any CPU
		Release|Any CPU = Release|Any CPU
	EndGlobalSection
	GlobalSection(ProjectConfigurationPlatforms) = postSolution
		{9240CA7A-DDEF-455E-AB35-128277C70D10}.Debug|Any CPU.ActiveCfg = Debug|Any CPU
		{9240CA7A-DDEF-455E-AB35-128277C70D10}.Debug|Any CPU.Build.0 = Debug|Any CPU
		{9240CA7A-DDEF-455E-AB35-128277C70D10}.Release|Any CPU.ActiveCfg = Release|Any CPU
		{9240CA7A-DDEF-455E-AB35-128277C70D10}.Release|Any CPU.Build.0 = Release|Any CPU
	EndGlobalSection
	GlobalSection(SolutionProperties) = preSolution
		HideSolutionNode = FALSE
	EndGlobalSection
	GlobalSection(ExtensibilityGlobals) = postSolution
		SolutionGuid = {F13B780A-972C-41AE-B1A6-F9913685D21B}
	EndGlobalSection
EndGlobal
